// !$*UTF8*$!
{
	archiveVersion = 1;
	classes = {
	};
	objectVersion = 50;
	objects = {

/* Begin PBXBuildFile section */
		0E53A9FB3F7437601E2D2072 /* Pods_SpotyFi.framework in Frameworks */ = {isa = PBXBuildFile; fileRef = DF23D6D993C672BBB78AD513 /* Pods_SpotyFi.framework */; };
		7E170211224A11E500E276BF /* UIRecentlyDownloadViewController.swift in Sources */ = {isa = PBXBuildFile; fileRef = 7E170210224A11E500E276BF /* UIRecentlyDownloadViewController.swift */; };
		7E23CB412255EC1500F83935 /* Details.storyboard in Resources */ = {isa = PBXBuildFile; fileRef = 7E23CB402255EC1500F83935 /* Details.storyboard */; };
		7E23CB432255ED0100F83935 /* UICircleImageView.swift in Sources */ = {isa = PBXBuildFile; fileRef = 7E23CB422255ED0100F83935 /* UICircleImageView.swift */; };
		7E5495CD223580DB00634042 /* Banner.swift in Sources */ = {isa = PBXBuildFile; fileRef = 7E5495CC223580DB00634042 /* Banner.swift */; };
		7E5495CF223836A400634042 /* MediaPlayer.framework in Frameworks */ = {isa = PBXBuildFile; fileRef = 7E5495CE223836A400634042 /* MediaPlayer.framework */; };
		7E58ED5122342624005BE379 /* AppDelegate.swift in Sources */ = {isa = PBXBuildFile; fileRef = 7E58ED5022342624005BE379 /* AppDelegate.swift */; };
		7E58ED5322342624005BE379 /* ViewController.swift in Sources */ = {isa = PBXBuildFile; fileRef = 7E58ED5222342624005BE379 /* ViewController.swift */; };
		7E58ED5622342624005BE379 /* Main.storyboard in Resources */ = {isa = PBXBuildFile; fileRef = 7E58ED5422342624005BE379 /* Main.storyboard */; };
		7E58ED5922342624005BE379 /* SpotyFi.xcdatamodeld in Sources */ = {isa = PBXBuildFile; fileRef = 7E58ED5722342624005BE379 /* SpotyFi.xcdatamodeld */; };
		7E58ED5B22342625005BE379 /* Assets.xcassets in Resources */ = {isa = PBXBuildFile; fileRef = 7E58ED5A22342625005BE379 /* Assets.xcassets */; };
		7E58ED5E22342625005BE379 /* LaunchScreen.storyboard in Resources */ = {isa = PBXBuildFile; fileRef = 7E58ED5C22342625005BE379 /* LaunchScreen.storyboard */; };
		7E58ED6922343069005BE379 /* UIBaseViewController.swift in Sources */ = {isa = PBXBuildFile; fileRef = 7E58ED6822343069005BE379 /* UIBaseViewController.swift */; };
		7E58ED6C223434EF005BE379 /* RESOURCE.swift in Sources */ = {isa = PBXBuildFile; fileRef = 7E58ED6B223434EF005BE379 /* RESOURCE.swift */; };
		7E58ED6E223435B5005BE379 /* Socketer.swift in Sources */ = {isa = PBXBuildFile; fileRef = 7E58ED6D223435B5005BE379 /* Socketer.swift */; };
		7E58ED722234EF42005BE379 /* SocketerDelegate.swift in Sources */ = {isa = PBXBuildFile; fileRef = 7E58ED712234EF42005BE379 /* SocketerDelegate.swift */; };
		7E5DCF9F224946100020895E /* Downloader.swift in Sources */ = {isa = PBXBuildFile; fileRef = 7E5DCF9E224946100020895E /* Downloader.swift */; };
		7E5DCFA122496C720020895E /* PathManager.swift in Sources */ = {isa = PBXBuildFile; fileRef = 7E5DCFA022496C720020895E /* PathManager.swift */; };
		7E6F2CE42246F22300E58E72 /* UIPlayerKit.swift in Sources */ = {isa = PBXBuildFile; fileRef = 7E6F2CE32246F22300E58E72 /* UIPlayerKit.swift */; };
		7E6F2CE62246F55A00E58E72 /* UIPlayerKit.xib in Resources */ = {isa = PBXBuildFile; fileRef = 7E6F2CE52246F55A00E58E72 /* UIPlayerKit.xib */; };
		7E6F2CEC224794DD00E58E72 /* UIPlayerControlKit.swift in Sources */ = {isa = PBXBuildFile; fileRef = 7E6F2CEB224794DD00E58E72 /* UIPlayerControlKit.swift */; };
		7E6F2CEE224794F000E58E72 /* UIPlayerControlKit.xib in Resources */ = {isa = PBXBuildFile; fileRef = 7E6F2CED224794F000E58E72 /* UIPlayerControlKit.xib */; };
		7E6F2CF12247C3CA00E58E72 /* PlayerProvider.swift in Sources */ = {isa = PBXBuildFile; fileRef = 7E6F2CF02247C3CA00E58E72 /* PlayerProvider.swift */; };
		7E88043822464FED00EA5630 /* UIPlayerViewController.swift in Sources */ = {isa = PBXBuildFile; fileRef = 7E88043722464FED00EA5630 /* UIPlayerViewController.swift */; };
		7E88043B2246632300EA5630 /* Model.swift in Sources */ = {isa = PBXBuildFile; fileRef = 7E88043A2246632300EA5630 /* Model.swift */; };
		7E88043D224665A200EA5630 /* RequestMusic.swift in Sources */ = {isa = PBXBuildFile; fileRef = 7E88043C224665A200EA5630 /* RequestMusic.swift */; };
		7E88043F224667E900EA5630 /* Music.swift in Sources */ = {isa = PBXBuildFile; fileRef = 7E88043E224667E900EA5630 /* Music.swift */; };
		7E8EEB68224A770100C7B2CF /* IPlayerDelegate.swift in Sources */ = {isa = PBXBuildFile; fileRef = 7E8EEB67224A770100C7B2CF /* IPlayerDelegate.swift */; };
		7E8EEB6A224A777600C7B2CF /* SingleMusicPlayer.swift in Sources */ = {isa = PBXBuildFile; fileRef = 7E8EEB69224A777600C7B2CF /* SingleMusicPlayer.swift */; };
		7E8EEB6C224A793500C7B2CF /* MultipleMusicPlayer.swift in Sources */ = {isa = PBXBuildFile; fileRef = 7E8EEB6B224A793500C7B2CF /* MultipleMusicPlayer.swift */; };
		7E908A1A2255F39D002528DA /* UIArtistDetialtViewController.swift in Sources */ = {isa = PBXBuildFile; fileRef = 7E908A192255F39D002528DA /* UIArtistDetialtViewController.swift */; };
		7E908A1C22560BDC002528DA /* AlbumRequest.swift in Sources */ = {isa = PBXBuildFile; fileRef = 7E908A1B22560BDC002528DA /* AlbumRequest.swift */; };
		7E908A1E22560D7F002528DA /* TopSongRequest.swift in Sources */ = {isa = PBXBuildFile; fileRef = 7E908A1D22560D7F002528DA /* TopSongRequest.swift */; };
		7E908A20225629F9002528DA /* UIMusicTableViewCell.xib in Resources */ = {isa = PBXBuildFile; fileRef = 7E908A1F225629F9002528DA /* UIMusicTableViewCell.xib */; };
		7E908A2222565BF1002528DA /* CategoryPlaylistsRequest.swift in Sources */ = {isa = PBXBuildFile; fileRef = 7E908A2122565BF1002528DA /* CategoryPlaylistsRequest.swift */; };
		7E908A2422565CB0002528DA /* Playlist.swift in Sources */ = {isa = PBXBuildFile; fileRef = 7E908A2322565CB0002528DA /* Playlist.swift */; };
		7E908A262256607E002528DA /* Category.swift in Sources */ = {isa = PBXBuildFile; fileRef = 7E908A252256607E002528DA /* Category.swift */; };
		7E908A28225661D3002528DA /* CategoryRequest.swift in Sources */ = {isa = PBXBuildFile; fileRef = 7E908A27225661D3002528DA /* CategoryRequest.swift */; };
		7E908A2A22573A00002528DA /* FeaturedPlaylistRequest.swift in Sources */ = {isa = PBXBuildFile; fileRef = 7E908A2922573A00002528DA /* FeaturedPlaylistRequest.swift */; };
		7E908A2C22575638002528DA /* UIPlaylistViewController.swift in Sources */ = {isa = PBXBuildFile; fileRef = 7E908A2B22575638002528DA /* UIPlaylistViewController.swift */; };
		7E908A2E22575D31002528DA /* PlaylistTracksRequest.swift in Sources */ = {isa = PBXBuildFile; fileRef = 7E908A2D22575D31002528DA /* PlaylistTracksRequest.swift */; };
		7EBCA3D6224A1D22005091E6 /* UIContainerView.swift in Sources */ = {isa = PBXBuildFile; fileRef = 7EBCA3D5224A1D22005091E6 /* UIContainerView.swift */; };
		7EBCA3D9224A1F43005091E6 /* UIEmptyStateViewController.swift in Sources */ = {isa = PBXBuildFile; fileRef = 7EBCA3D8224A1F43005091E6 /* UIEmptyStateViewController.swift */; };
		7EBCA3DB224A1FAE005091E6 /* UIDownloadedMusicsTableViewContoller.swift in Sources */ = {isa = PBXBuildFile; fileRef = 7EBCA3DA224A1FAE005091E6 /* UIDownloadedMusicsTableViewContoller.swift */; };
		7EBCA3DD224A2426005091E6 /* MetadataResolver.swift in Sources */ = {isa = PBXBuildFile; fileRef = 7EBCA3DC224A2426005091E6 /* MetadataResolver.swift */; };
		7EBCA3E0224A2D29005091E6 /* UIMusicTableViewCell.swift in Sources */ = {isa = PBXBuildFile; fileRef = 7EBCA3DF224A2D29005091E6 /* UIMusicTableViewCell.swift */; };
		7EFE11CC224AB5FE006EAAA2 /* UIDownloadBanner.swift in Sources */ = {isa = PBXBuildFile; fileRef = 7EFE11CB224AB5FE006EAAA2 /* UIDownloadBanner.swift */; };
		7EFE11CE224AB631006EAAA2 /* UIDownloadBanner.xib in Resources */ = {isa = PBXBuildFile; fileRef = 7EFE11CD224AB631006EAAA2 /* UIDownloadBanner.xib */; };
		7EFE11D5224E6F35006EAAA2 /* UIQueryTableViewCell.swift in Sources */ = {isa = PBXBuildFile; fileRef = 7EFE11D3224E6F35006EAAA2 /* UIQueryTableViewCell.swift */; };
		7EFE11D6224E6F35006EAAA2 /* UIQueryTableViewCell.xib in Resources */ = {isa = PBXBuildFile; fileRef = 7EFE11D4224E6F35006EAAA2 /* UIQueryTableViewCell.xib */; };
		7EFE11D9224E96C3006EAAA2 /* UICollectionTableViewCell.swift in Sources */ = {isa = PBXBuildFile; fileRef = 7EFE11D7224E96C3006EAAA2 /* UICollectionTableViewCell.swift */; };
		7EFE11DA224E96C3006EAAA2 /* UICollectionTableViewCell.xib in Resources */ = {isa = PBXBuildFile; fileRef = 7EFE11D8224E96C3006EAAA2 /* UICollectionTableViewCell.xib */; };
		7EFE11DD224EA050006EAAA2 /* UIHitCollectionViewCell.swift in Sources */ = {isa = PBXBuildFile; fileRef = 7EFE11DB224EA050006EAAA2 /* UIHitCollectionViewCell.swift */; };
		7EFE11E0224EA249006EAAA2 /* UIHitCollectionCell.xib in Resources */ = {isa = PBXBuildFile; fileRef = 7EFE11DF224EA249006EAAA2 /* UIHitCollectionCell.xib */; };
		7EFE11E22253605B006EAAA2 /* UIQueryResultViewController.swift in Sources */ = {isa = PBXBuildFile; fileRef = 7EFE11E12253605B006EAAA2 /* UIQueryResultViewController.swift */; };
		7EFE11E52253609E006EAAA2 /* RequestController.swift in Sources */ = {isa = PBXBuildFile; fileRef = 7EFE11E42253609E006EAAA2 /* RequestController.swift */; };
		7EFE11E8225360EB006EAAA2 /* Request.swift in Sources */ = {isa = PBXBuildFile; fileRef = 7EFE11E7225360EB006EAAA2 /* Request.swift */; };
		7EFE11EA2254C693006EAAA2 /* QueryRequest.swift in Sources */ = {isa = PBXBuildFile; fileRef = 7EFE11E92254C693006EAAA2 /* QueryRequest.swift */; };
		7EFE11EC22551B09006EAAA2 /* Artistx.swift in Sources */ = {isa = PBXBuildFile; fileRef = 7EFE11EB22551B09006EAAA2 /* Artistx.swift */; };
		7EFE11EE22551C71006EAAA2 /* Picture.swift in Sources */ = {isa = PBXBuildFile; fileRef = 7EFE11ED22551C71006EAAA2 /* Picture.swift */; };
		7EFE11F022551D08006EAAA2 /* Album.swift in Sources */ = {isa = PBXBuildFile; fileRef = 7EFE11EF22551D08006EAAA2 /* Album.swift */; };
		7EFE11F222551F26006EAAA2 /* Track.swift in Sources */ = {isa = PBXBuildFile; fileRef = 7EFE11F122551F26006EAAA2 /* Track.swift */; };
		7EFE11F422552E47006EAAA2 /* Query.swift in Sources */ = {isa = PBXBuildFile; fileRef = 7EFE11F322552E47006EAAA2 /* Query.swift */; };
/* End PBXBuildFile section */

/* Begin PBXFileReference section */
		7E170210224A11E500E276BF /* UIRecentlyDownloadViewController.swift */ = {isa = PBXFileReference; lastKnownFileType = sourcecode.swift; path = UIRecentlyDownloadViewController.swift; sourceTree = "<group>"; };
		7E23CB402255EC1500F83935 /* Details.storyboard */ = {isa = PBXFileReference; lastKnownFileType = file.storyboard; path = Details.storyboard; sourceTree = "<group>"; };
		7E23CB422255ED0100F83935 /* UICircleImageView.swift */ = {isa = PBXFileReference; lastKnownFileType = sourcecode.swift; path = UICircleImageView.swift; sourceTree = "<group>"; };
		7E5495CC223580DB00634042 /* Banner.swift */ = {isa = PBXFileReference; lastKnownFileType = sourcecode.swift; path = Banner.swift; sourceTree = "<group>"; };
		7E5495CE223836A400634042 /* MediaPlayer.framework */ = {isa = PBXFileReference; lastKnownFileType = wrapper.framework; name = MediaPlayer.framework; path = System/Library/Frameworks/MediaPlayer.framework; sourceTree = SDKROOT; };
		7E58ED4D22342624005BE379 /* SpotyFi.app */ = {isa = PBXFileReference; explicitFileType = wrapper.application; includeInIndex = 0; path = SpotyFi.app; sourceTree = BUILT_PRODUCTS_DIR; };
		7E58ED5022342624005BE379 /* AppDelegate.swift */ = {isa = PBXFileReference; lastKnownFileType = sourcecode.swift; path = AppDelegate.swift; sourceTree = "<group>"; };
		7E58ED5222342624005BE379 /* ViewController.swift */ = {isa = PBXFileReference; lastKnownFileType = sourcecode.swift; path = ViewController.swift; sourceTree = "<group>"; };
		7E58ED5522342624005BE379 /* Base */ = {isa = PBXFileReference; lastKnownFileType = file.storyboard; name = Base; path = Base.lproj/Main.storyboard; sourceTree = "<group>"; };
		7E58ED5822342624005BE379 /* SpotyFi.xcdatamodel */ = {isa = PBXFileReference; lastKnownFileType = wrapper.xcdatamodel; path = SpotyFi.xcdatamodel; sourceTree = "<group>"; };
		7E58ED5A22342625005BE379 /* Assets.xcassets */ = {isa = PBXFileReference; lastKnownFileType = folder.assetcatalog; path = Assets.xcassets; sourceTree = "<group>"; };
		7E58ED5D22342625005BE379 /* Base */ = {isa = PBXFileReference; lastKnownFileType = file.storyboard; name = Base; path = Base.lproj/LaunchScreen.storyboard; sourceTree = "<group>"; };
		7E58ED5F22342625005BE379 /* Info.plist */ = {isa = PBXFileReference; lastKnownFileType = text.plist.xml; path = Info.plist; sourceTree = "<group>"; };
		7E58ED6822343069005BE379 /* UIBaseViewController.swift */ = {isa = PBXFileReference; lastKnownFileType = sourcecode.swift; path = UIBaseViewController.swift; sourceTree = "<group>"; };
		7E58ED6B223434EF005BE379 /* RESOURCE.swift */ = {isa = PBXFileReference; lastKnownFileType = sourcecode.swift; path = RESOURCE.swift; sourceTree = "<group>"; };
		7E58ED6D223435B5005BE379 /* Socketer.swift */ = {isa = PBXFileReference; lastKnownFileType = sourcecode.swift; path = Socketer.swift; sourceTree = "<group>"; };
		7E58ED712234EF42005BE379 /* SocketerDelegate.swift */ = {isa = PBXFileReference; lastKnownFileType = sourcecode.swift; path = SocketerDelegate.swift; sourceTree = "<group>"; };
		7E5DCF9E224946100020895E /* Downloader.swift */ = {isa = PBXFileReference; lastKnownFileType = sourcecode.swift; path = Downloader.swift; sourceTree = "<group>"; };
		7E5DCFA022496C720020895E /* PathManager.swift */ = {isa = PBXFileReference; lastKnownFileType = sourcecode.swift; path = PathManager.swift; sourceTree = "<group>"; };
		7E6F2CE32246F22300E58E72 /* UIPlayerKit.swift */ = {isa = PBXFileReference; lastKnownFileType = sourcecode.swift; path = UIPlayerKit.swift; sourceTree = "<group>"; };
		7E6F2CE52246F55A00E58E72 /* UIPlayerKit.xib */ = {isa = PBXFileReference; lastKnownFileType = file.xib; path = UIPlayerKit.xib; sourceTree = "<group>"; };
		7E6F2CEB224794DD00E58E72 /* UIPlayerControlKit.swift */ = {isa = PBXFileReference; lastKnownFileType = sourcecode.swift; path = UIPlayerControlKit.swift; sourceTree = "<group>"; };
		7E6F2CED224794F000E58E72 /* UIPlayerControlKit.xib */ = {isa = PBXFileReference; lastKnownFileType = file.xib; path = UIPlayerControlKit.xib; sourceTree = "<group>"; };
		7E6F2CF02247C3CA00E58E72 /* PlayerProvider.swift */ = {isa = PBXFileReference; lastKnownFileType = sourcecode.swift; path = PlayerProvider.swift; sourceTree = "<group>"; };
		7E88043722464FED00EA5630 /* UIPlayerViewController.swift */ = {isa = PBXFileReference; lastKnownFileType = sourcecode.swift; path = UIPlayerViewController.swift; sourceTree = "<group>"; };
		7E88043A2246632300EA5630 /* Model.swift */ = {isa = PBXFileReference; lastKnownFileType = sourcecode.swift; path = Model.swift; sourceTree = "<group>"; };
		7E88043C224665A200EA5630 /* RequestMusic.swift */ = {isa = PBXFileReference; lastKnownFileType = sourcecode.swift; path = RequestMusic.swift; sourceTree = "<group>"; };
		7E88043E224667E900EA5630 /* Music.swift */ = {isa = PBXFileReference; lastKnownFileType = sourcecode.swift; path = Music.swift; sourceTree = "<group>"; };
		7E8EEB67224A770100C7B2CF /* IPlayerDelegate.swift */ = {isa = PBXFileReference; lastKnownFileType = sourcecode.swift; path = IPlayerDelegate.swift; sourceTree = "<group>"; };
		7E8EEB69224A777600C7B2CF /* SingleMusicPlayer.swift */ = {isa = PBXFileReference; lastKnownFileType = sourcecode.swift; path = SingleMusicPlayer.swift; sourceTree = "<group>"; };
		7E8EEB6B224A793500C7B2CF /* MultipleMusicPlayer.swift */ = {isa = PBXFileReference; lastKnownFileType = sourcecode.swift; path = MultipleMusicPlayer.swift; sourceTree = "<group>"; };
		7E908A192255F39D002528DA /* UIArtistDetialtViewController.swift */ = {isa = PBXFileReference; lastKnownFileType = sourcecode.swift; path = UIArtistDetialtViewController.swift; sourceTree = "<group>"; };
		7E908A1B22560BDC002528DA /* AlbumRequest.swift */ = {isa = PBXFileReference; lastKnownFileType = sourcecode.swift; path = AlbumRequest.swift; sourceTree = "<group>"; };
		7E908A1D22560D7F002528DA /* TopSongRequest.swift */ = {isa = PBXFileReference; lastKnownFileType = sourcecode.swift; path = TopSongRequest.swift; sourceTree = "<group>"; };
		7E908A1F225629F9002528DA /* UIMusicTableViewCell.xib */ = {isa = PBXFileReference; lastKnownFileType = file.xib; path = UIMusicTableViewCell.xib; sourceTree = "<group>"; };
		7E908A2122565BF1002528DA /* CategoryPlaylistsRequest.swift */ = {isa = PBXFileReference; lastKnownFileType = sourcecode.swift; path = CategoryPlaylistsRequest.swift; sourceTree = "<group>"; };
		7E908A2322565CB0002528DA /* Playlist.swift */ = {isa = PBXFileReference; lastKnownFileType = sourcecode.swift; path = Playlist.swift; sourceTree = "<group>"; };
		7E908A252256607E002528DA /* Category.swift */ = {isa = PBXFileReference; lastKnownFileType = sourcecode.swift; path = Category.swift; sourceTree = "<group>"; };
		7E908A27225661D3002528DA /* CategoryRequest.swift */ = {isa = PBXFileReference; lastKnownFileType = sourcecode.swift; path = CategoryRequest.swift; sourceTree = "<group>"; };
		7E908A2922573A00002528DA /* FeaturedPlaylistRequest.swift */ = {isa = PBXFileReference; lastKnownFileType = sourcecode.swift; path = FeaturedPlaylistRequest.swift; sourceTree = "<group>"; };
		7E908A2B22575638002528DA /* UIPlaylistViewController.swift */ = {isa = PBXFileReference; lastKnownFileType = sourcecode.swift; path = UIPlaylistViewController.swift; sourceTree = "<group>"; };
		7E908A2D22575D31002528DA /* PlaylistTracksRequest.swift */ = {isa = PBXFileReference; lastKnownFileType = sourcecode.swift; path = PlaylistTracksRequest.swift; sourceTree = "<group>"; };
		7EBCA3D5224A1D22005091E6 /* UIContainerView.swift */ = {isa = PBXFileReference; lastKnownFileType = sourcecode.swift; path = UIContainerView.swift; sourceTree = "<group>"; };
		7EBCA3D8224A1F43005091E6 /* UIEmptyStateViewController.swift */ = {isa = PBXFileReference; lastKnownFileType = sourcecode.swift; path = UIEmptyStateViewController.swift; sourceTree = "<group>"; };
		7EBCA3DA224A1FAE005091E6 /* UIDownloadedMusicsTableViewContoller.swift */ = {isa = PBXFileReference; lastKnownFileType = sourcecode.swift; path = UIDownloadedMusicsTableViewContoller.swift; sourceTree = "<group>"; };
		7EBCA3DC224A2426005091E6 /* MetadataResolver.swift */ = {isa = PBXFileReference; lastKnownFileType = sourcecode.swift; path = MetadataResolver.swift; sourceTree = "<group>"; };
		7EBCA3DF224A2D29005091E6 /* UIMusicTableViewCell.swift */ = {isa = PBXFileReference; lastKnownFileType = sourcecode.swift; path = UIMusicTableViewCell.swift; sourceTree = "<group>"; };
		7EFE11CB224AB5FE006EAAA2 /* UIDownloadBanner.swift */ = {isa = PBXFileReference; lastKnownFileType = sourcecode.swift; path = UIDownloadBanner.swift; sourceTree = "<group>"; };
		7EFE11CD224AB631006EAAA2 /* UIDownloadBanner.xib */ = {isa = PBXFileReference; lastKnownFileType = file.xib; path = UIDownloadBanner.xib; sourceTree = "<group>"; };
		7EFE11D3224E6F35006EAAA2 /* UIQueryTableViewCell.swift */ = {isa = PBXFileReference; lastKnownFileType = sourcecode.swift; path = UIQueryTableViewCell.swift; sourceTree = "<group>"; };
		7EFE11D4224E6F35006EAAA2 /* UIQueryTableViewCell.xib */ = {isa = PBXFileReference; lastKnownFileType = file.xib; path = UIQueryTableViewCell.xib; sourceTree = "<group>"; };
		7EFE11D7224E96C3006EAAA2 /* UICollectionTableViewCell.swift */ = {isa = PBXFileReference; lastKnownFileType = sourcecode.swift; path = UICollectionTableViewCell.swift; sourceTree = "<group>"; };
		7EFE11D8224E96C3006EAAA2 /* UICollectionTableViewCell.xib */ = {isa = PBXFileReference; lastKnownFileType = file.xib; path = UICollectionTableViewCell.xib; sourceTree = "<group>"; };
		7EFE11DB224EA050006EAAA2 /* UIHitCollectionViewCell.swift */ = {isa = PBXFileReference; lastKnownFileType = sourcecode.swift; path = UIHitCollectionViewCell.swift; sourceTree = "<group>"; };
		7EFE11DF224EA249006EAAA2 /* UIHitCollectionCell.xib */ = {isa = PBXFileReference; lastKnownFileType = file.xib; path = UIHitCollectionCell.xib; sourceTree = "<group>"; };
		7EFE11E12253605B006EAAA2 /* UIQueryResultViewController.swift */ = {isa = PBXFileReference; lastKnownFileType = sourcecode.swift; path = UIQueryResultViewController.swift; sourceTree = "<group>"; };
		7EFE11E42253609E006EAAA2 /* RequestController.swift */ = {isa = PBXFileReference; lastKnownFileType = sourcecode.swift; path = RequestController.swift; sourceTree = "<group>"; };
		7EFE11E7225360EB006EAAA2 /* Request.swift */ = {isa = PBXFileReference; lastKnownFileType = sourcecode.swift; path = Request.swift; sourceTree = "<group>"; };
		7EFE11E92254C693006EAAA2 /* QueryRequest.swift */ = {isa = PBXFileReference; lastKnownFileType = sourcecode.swift; path = QueryRequest.swift; sourceTree = "<group>"; };
		7EFE11EB22551B09006EAAA2 /* Artistx.swift */ = {isa = PBXFileReference; lastKnownFileType = sourcecode.swift; path = Artistx.swift; sourceTree = "<group>"; };
		7EFE11ED22551C71006EAAA2 /* Picture.swift */ = {isa = PBXFileReference; lastKnownFileType = sourcecode.swift; path = Picture.swift; sourceTree = "<group>"; };
		7EFE11EF22551D08006EAAA2 /* Album.swift */ = {isa = PBXFileReference; lastKnownFileType = sourcecode.swift; path = Album.swift; sourceTree = "<group>"; };
		7EFE11F122551F26006EAAA2 /* Track.swift */ = {isa = PBXFileReference; lastKnownFileType = sourcecode.swift; path = Track.swift; sourceTree = "<group>"; };
		7EFE11F322552E47006EAAA2 /* Query.swift */ = {isa = PBXFileReference; lastKnownFileType = sourcecode.swift; path = Query.swift; sourceTree = "<group>"; };
		9709F21D96340FB09DFDB780 /* Pods-SpotyFi.debug.xcconfig */ = {isa = PBXFileReference; includeInIndex = 1; lastKnownFileType = text.xcconfig; name = "Pods-SpotyFi.debug.xcconfig"; path = "Pods/Target Support Files/Pods-SpotyFi/Pods-SpotyFi.debug.xcconfig"; sourceTree = "<group>"; };
		BCABD8A0131963E93E668110 /* Pods-SpotyFi.release.xcconfig */ = {isa = PBXFileReference; includeInIndex = 1; lastKnownFileType = text.xcconfig; name = "Pods-SpotyFi.release.xcconfig"; path = "Pods/Target Support Files/Pods-SpotyFi/Pods-SpotyFi.release.xcconfig"; sourceTree = "<group>"; };
		DF23D6D993C672BBB78AD513 /* Pods_SpotyFi.framework */ = {isa = PBXFileReference; explicitFileType = wrapper.framework; includeInIndex = 0; path = Pods_SpotyFi.framework; sourceTree = BUILT_PRODUCTS_DIR; };
/* End PBXFileReference section */

/* Begin PBXFrameworksBuildPhase section */
		7E58ED4A22342624005BE379 /* Frameworks */ = {
			isa = PBXFrameworksBuildPhase;
			buildActionMask = 2147483647;
			files = (
				7E5495CF223836A400634042 /* MediaPlayer.framework in Frameworks */,
				0E53A9FB3F7437601E2D2072 /* Pods_SpotyFi.framework in Frameworks */,
			);
			runOnlyForDeploymentPostprocessing = 0;
		};
/* End PBXFrameworksBuildPhase section */

/* Begin PBXGroup section */
		7E58ED4422342624005BE379 = {
			isa = PBXGroup;
			children = (
				7E58ED4F22342624005BE379 /* SpotyFi */,
				7E58ED4E22342624005BE379 /* Products */,
				E32177CFE6E4CF035DA66C64 /* Pods */,
				C964CE1B7D5D0284052CD584 /* Frameworks */,
			);
			sourceTree = "<group>";
		};
		7E58ED4E22342624005BE379 /* Products */ = {
			isa = PBXGroup;
			children = (
				7E58ED4D22342624005BE379 /* SpotyFi.app */,
			);
			name = Products;
			sourceTree = "<group>";
		};
		7E58ED4F22342624005BE379 /* SpotyFi */ = {
			isa = PBXGroup;
			children = (
				7EFE11E322536078006EAAA2 /* Controlller */,
				7E8EEB65224A741000C7B2CF /* Helper */,
				7EBCA3DE224A2CF6005091E6 /* TableCells */,
				7E5DCF9B22493C7D0020895E /* Downloader */,
				7E6F2CE72247946200E58E72 /* Customs */,
				7E8804392246630B00EA5630 /* Models */,
				7E58ED7022343F0B005BE379 /* Socket */,
				7E58ED6A223432F6005BE379 /* ViewController */,
				7E58ED5022342624005BE379 /* AppDelegate.swift */,
				7E23CB402255EC1500F83935 /* Details.storyboard */,
				7E58ED5422342624005BE379 /* Main.storyboard */,
				7E58ED5A22342625005BE379 /* Assets.xcassets */,
				7E58ED5C22342625005BE379 /* LaunchScreen.storyboard */,
				7E58ED5F22342625005BE379 /* Info.plist */,
				7E58ED5722342624005BE379 /* SpotyFi.xcdatamodeld */,
			);
			path = SpotyFi;
			sourceTree = "<group>";
		};
		7E58ED6A223432F6005BE379 /* ViewController */ = {
			isa = PBXGroup;
			children = (
				7E8EEB66224A75D800C7B2CF /* PlayerViewController */,
				7E58ED6822343069005BE379 /* UIBaseViewController.swift */,
				7E58ED5222342624005BE379 /* ViewController.swift */,
				7E170210224A11E500E276BF /* UIRecentlyDownloadViewController.swift */,
				7EBCA3D8224A1F43005091E6 /* UIEmptyStateViewController.swift */,
				7EBCA3DA224A1FAE005091E6 /* UIDownloadedMusicsTableViewContoller.swift */,
				7EFE11E12253605B006EAAA2 /* UIQueryResultViewController.swift */,
				7E908A192255F39D002528DA /* UIArtistDetialtViewController.swift */,
				7E908A2B22575638002528DA /* UIPlaylistViewController.swift */,
			);
			path = ViewController;
			sourceTree = "<group>";
		};
		7E58ED7022343F0B005BE379 /* Socket */ = {
			isa = PBXGroup;
			children = (
				7E58ED6D223435B5005BE379 /* Socketer.swift */,
				7E58ED712234EF42005BE379 /* SocketerDelegate.swift */,
			);
			path = Socket;
			sourceTree = "<group>";
		};
		7E5DCF9B22493C7D0020895E /* Downloader */ = {
			isa = PBXGroup;
			children = (
				7E5DCF9E224946100020895E /* Downloader.swift */,
				7EFE11CB224AB5FE006EAAA2 /* UIDownloadBanner.swift */,
				7EFE11CD224AB631006EAAA2 /* UIDownloadBanner.xib */,
			);
			path = Downloader;
			sourceTree = "<group>";
		};
		7E6F2CE72247946200E58E72 /* Customs */ = {
			isa = PBXGroup;
			children = (
				7E6F2CEF224794FC00E58E72 /* PlayerControlKit */,
				7E6F2CE92247947700E58E72 /* PlayerKit */,
				7EBCA3D5224A1D22005091E6 /* UIContainerView.swift */,
				7E23CB422255ED0100F83935 /* UICircleImageView.swift */,
			);
			path = Customs;
			sourceTree = "<group>";
		};
		7E6F2CE92247947700E58E72 /* PlayerKit */ = {
			isa = PBXGroup;
			children = (
				7E6F2CE32246F22300E58E72 /* UIPlayerKit.swift */,
				7E6F2CE52246F55A00E58E72 /* UIPlayerKit.xib */,
			);
			path = PlayerKit;
			sourceTree = "<group>";
		};
		7E6F2CEF224794FC00E58E72 /* PlayerControlKit */ = {
			isa = PBXGroup;
			children = (
				7E6F2CEB224794DD00E58E72 /* UIPlayerControlKit.swift */,
				7E6F2CED224794F000E58E72 /* UIPlayerControlKit.xib */,
			);
			path = PlayerControlKit;
			sourceTree = "<group>";
		};
		7E8804392246630B00EA5630 /* Models */ = {
			isa = PBXGroup;
			children = (
				7E88043A2246632300EA5630 /* Model.swift */,
				7E88043C224665A200EA5630 /* RequestMusic.swift */,
				7E88043E224667E900EA5630 /* Music.swift */,
				7EFE11EB22551B09006EAAA2 /* Artistx.swift */,
				7EFE11ED22551C71006EAAA2 /* Picture.swift */,
				7EFE11EF22551D08006EAAA2 /* Album.swift */,
				7EFE11F122551F26006EAAA2 /* Track.swift */,
				7EFE11F322552E47006EAAA2 /* Query.swift */,
				7E908A2322565CB0002528DA /* Playlist.swift */,
				7E908A252256607E002528DA /* Category.swift */,
			);
			path = Models;
			sourceTree = "<group>";
		};
		7E8EEB65224A741000C7B2CF /* Helper */ = {
			isa = PBXGroup;
			children = (
				7E58ED6B223434EF005BE379 /* RESOURCE.swift */,
				7E5495CC223580DB00634042 /* Banner.swift */,
				7E6F2CF02247C3CA00E58E72 /* PlayerProvider.swift */,
				7E5DCFA022496C720020895E /* PathManager.swift */,
				7EBCA3DC224A2426005091E6 /* MetadataResolver.swift */,
			);
			path = Helper;
			sourceTree = "<group>";
		};
		7E8EEB66224A75D800C7B2CF /* PlayerViewController */ = {
			isa = PBXGroup;
			children = (
				7E88043722464FED00EA5630 /* UIPlayerViewController.swift */,
				7E8EEB67224A770100C7B2CF /* IPlayerDelegate.swift */,
				7E8EEB69224A777600C7B2CF /* SingleMusicPlayer.swift */,
				7E8EEB6B224A793500C7B2CF /* MultipleMusicPlayer.swift */,
			);
			path = PlayerViewController;
			sourceTree = "<group>";
		};
		7EBCA3DE224A2CF6005091E6 /* TableCells */ = {
			isa = PBXGroup;
			children = (
				7EBCA3DF224A2D29005091E6 /* UIMusicTableViewCell.swift */,
				7E908A1F225629F9002528DA /* UIMusicTableViewCell.xib */,
				7EFE11D3224E6F35006EAAA2 /* UIQueryTableViewCell.swift */,
				7EFE11D4224E6F35006EAAA2 /* UIQueryTableViewCell.xib */,
				7EFE11D7224E96C3006EAAA2 /* UICollectionTableViewCell.swift */,
				7EFE11D8224E96C3006EAAA2 /* UICollectionTableViewCell.xib */,
				7EFE11DB224EA050006EAAA2 /* UIHitCollectionViewCell.swift */,
				7EFE11DF224EA249006EAAA2 /* UIHitCollectionCell.xib */,
			);
			path = TableCells;
			sourceTree = "<group>";
		};
		7EFE11E322536078006EAAA2 /* Controlller */ = {
			isa = PBXGroup;
			children = (
				7EFE11E6225360D6006EAAA2 /* API */,
				7EFE11E42253609E006EAAA2 /* RequestController.swift */,
			);
			path = Controlller;
			sourceTree = "<group>";
		};
		7EFE11E6225360D6006EAAA2 /* API */ = {
			isa = PBXGroup;
			children = (
				7EFE11E7225360EB006EAAA2 /* Request.swift */,
				7EFE11E92254C693006EAAA2 /* QueryRequest.swift */,
				7E908A1B22560BDC002528DA /* AlbumRequest.swift */,
				7E908A1D22560D7F002528DA /* TopSongRequest.swift */,
				7E908A2122565BF1002528DA /* CategoryPlaylistsRequest.swift */,
				7E908A27225661D3002528DA /* CategoryRequest.swift */,
				7E908A2922573A00002528DA /* FeaturedPlaylistRequest.swift */,
				7E908A2D22575D31002528DA /* PlaylistTracksRequest.swift */,
			);
			path = API;
			sourceTree = "<group>";
		};
		C964CE1B7D5D0284052CD584 /* Frameworks */ = {
			isa = PBXGroup;
			children = (
				7E5495CE223836A400634042 /* MediaPlayer.framework */,
				DF23D6D993C672BBB78AD513 /* Pods_SpotyFi.framework */,
			);
			name = Frameworks;
			sourceTree = "<group>";
		};
		E32177CFE6E4CF035DA66C64 /* Pods */ = {
			isa = PBXGroup;
			children = (
				9709F21D96340FB09DFDB780 /* Pods-SpotyFi.debug.xcconfig */,
				BCABD8A0131963E93E668110 /* Pods-SpotyFi.release.xcconfig */,
			);
			name = Pods;
			sourceTree = "<group>";
		};
/* End PBXGroup section */

/* Begin PBXNativeTarget section */
		7E58ED4C22342624005BE379 /* SpotyFi */ = {
			isa = PBXNativeTarget;
			buildConfigurationList = 7E58ED6222342625005BE379 /* Build configuration list for PBXNativeTarget "SpotyFi" */;
			buildPhases = (
				F8BD97C25DDC07C16EF4E56E /* [CP] Check Pods Manifest.lock */,
				7E58ED4922342624005BE379 /* Sources */,
				7E58ED4A22342624005BE379 /* Frameworks */,
				7E58ED4B22342624005BE379 /* Resources */,
				399CE6C9FBA07CC3A642984A /* [CP] Embed Pods Frameworks */,
				2AD957DC5AB91DDFBAF24C28 /* [CP] Copy Pods Resources */,
			);
			buildRules = (
			);
			dependencies = (
			);
			name = SpotyFi;
			productName = SpotyFi;
			productReference = 7E58ED4D22342624005BE379 /* SpotyFi.app */;
			productType = "com.apple.product-type.application";
		};
/* End PBXNativeTarget section */

/* Begin PBXProject section */
		7E58ED4522342624005BE379 /* Project object */ = {
			isa = PBXProject;
			attributes = {
				LastSwiftUpdateCheck = 1000;
				LastUpgradeCheck = 1000;
				ORGANIZATIONNAME = ImanX;
				TargetAttributes = {
					7E58ED4C22342624005BE379 = {
						CreatedOnToolsVersion = 10.0;
						SystemCapabilities = {
							com.apple.BackgroundModes = {
								enabled = 1;
							};
						};
					};
				};
			};
			buildConfigurationList = 7E58ED4822342624005BE379 /* Build configuration list for PBXProject "SpotyFi" */;
			compatibilityVersion = "Xcode 9.3";
			developmentRegion = en;
			hasScannedForEncodings = 0;
			knownRegions = (
				en,
				Base,
			);
			mainGroup = 7E58ED4422342624005BE379;
			productRefGroup = 7E58ED4E22342624005BE379 /* Products */;
			projectDirPath = "";
			projectRoot = "";
			targets = (
				7E58ED4C22342624005BE379 /* SpotyFi */,
			);
		};
/* End PBXProject section */

/* Begin PBXResourcesBuildPhase section */
		7E58ED4B22342624005BE379 /* Resources */ = {
			isa = PBXResourcesBuildPhase;
			buildActionMask = 2147483647;
			files = (
				7E58ED5E22342625005BE379 /* LaunchScreen.storyboard in Resources */,
				7EFE11CE224AB631006EAAA2 /* UIDownloadBanner.xib in Resources */,
				7EFE11E0224EA249006EAAA2 /* UIHitCollectionCell.xib in Resources */,
				7E6F2CEE224794F000E58E72 /* UIPlayerControlKit.xib in Resources */,
				7EFE11DA224E96C3006EAAA2 /* UICollectionTableViewCell.xib in Resources */,
				7E908A20225629F9002528DA /* UIMusicTableViewCell.xib in Resources */,
				7E23CB412255EC1500F83935 /* Details.storyboard in Resources */,
				7EFE11D6224E6F35006EAAA2 /* UIQueryTableViewCell.xib in Resources */,
				7E58ED5B22342625005BE379 /* Assets.xcassets in Resources */,
				7E58ED5622342624005BE379 /* Main.storyboard in Resources */,
				7E6F2CE62246F55A00E58E72 /* UIPlayerKit.xib in Resources */,
			);
			runOnlyForDeploymentPostprocessing = 0;
		};
/* End PBXResourcesBuildPhase section */

/* Begin PBXShellScriptBuildPhase section */
		2AD957DC5AB91DDFBAF24C28 /* [CP] Copy Pods Resources */ = {
			isa = PBXShellScriptBuildPhase;
			buildActionMask = 2147483647;
			files = (
			);
			inputPaths = (
			);
			name = "[CP] Copy Pods Resources";
			outputPaths = (
			);
			runOnlyForDeploymentPostprocessing = 0;
			shellPath = /bin/sh;
			shellScript = "\"${SRCROOT}/Pods/Target Support Files/Pods-SpotyFi/Pods-SpotyFi-resources.sh\"\n";
			showEnvVarsInLog = 0;
		};
		399CE6C9FBA07CC3A642984A /* [CP] Embed Pods Frameworks */ = {
			isa = PBXShellScriptBuildPhase;
			buildActionMask = 2147483647;
			files = (
			);
			inputPaths = (
				"${SRCROOT}/Pods/Target Support Files/Pods-SpotyFi/Pods-SpotyFi-frameworks.sh",
				"${BUILT_PRODUCTS_DIR}/Bottomsheet/Bottomsheet.framework",
				"${BUILT_PRODUCTS_DIR}/Digger/Digger.framework",
				"${BUILT_PRODUCTS_DIR}/ESTMusicIndicator/ESTMusicIndicator.framework",
				"${BUILT_PRODUCTS_DIR}/FRadioPlayer/FRadioPlayer.framework",
				"${BUILT_PRODUCTS_DIR}/Kingfisher/Kingfisher.framework",
				"${BUILT_PRODUCTS_DIR}/MarqueeLabel/MarqueeLabel.framework",
				"${BUILT_PRODUCTS_DIR}/NFDownloadButton/NFDownloadButton.framework",
				"${BUILT_PRODUCTS_DIR}/NotificationBannerSwift/NotificationBannerSwift.framework",
				"${BUILT_PRODUCTS_DIR}/SnapKit/SnapKit.framework",
				"${BUILT_PRODUCTS_DIR}/Starscream/Starscream.framework",
				"${BUILT_PRODUCTS_DIR}/SwiftyJSON/SwiftyJSON.framework",
				"${BUILT_PRODUCTS_DIR}/XLActionController/XLActionController.framework",
			);
			name = "[CP] Embed Pods Frameworks";
			outputPaths = (
				"${TARGET_BUILD_DIR}/${FRAMEWORKS_FOLDER_PATH}/Bottomsheet.framework",
				"${TARGET_BUILD_DIR}/${FRAMEWORKS_FOLDER_PATH}/Digger.framework",
				"${TARGET_BUILD_DIR}/${FRAMEWORKS_FOLDER_PATH}/ESTMusicIndicator.framework",
				"${TARGET_BUILD_DIR}/${FRAMEWORKS_FOLDER_PATH}/FRadioPlayer.framework",
				"${TARGET_BUILD_DIR}/${FRAMEWORKS_FOLDER_PATH}/Kingfisher.framework",
				"${TARGET_BUILD_DIR}/${FRAMEWORKS_FOLDER_PATH}/MarqueeLabel.framework",
				"${TARGET_BUILD_DIR}/${FRAMEWORKS_FOLDER_PATH}/NFDownloadButton.framework",
				"${TARGET_BUILD_DIR}/${FRAMEWORKS_FOLDER_PATH}/NotificationBannerSwift.framework",
				"${TARGET_BUILD_DIR}/${FRAMEWORKS_FOLDER_PATH}/SnapKit.framework",
				"${TARGET_BUILD_DIR}/${FRAMEWORKS_FOLDER_PATH}/Starscream.framework",
				"${TARGET_BUILD_DIR}/${FRAMEWORKS_FOLDER_PATH}/SwiftyJSON.framework",
				"${TARGET_BUILD_DIR}/${FRAMEWORKS_FOLDER_PATH}/XLActionController.framework",
			);
			runOnlyForDeploymentPostprocessing = 0;
			shellPath = /bin/sh;
			shellScript = "\"${SRCROOT}/Pods/Target Support Files/Pods-SpotyFi/Pods-SpotyFi-frameworks.sh\"\n";
			showEnvVarsInLog = 0;
		};
		F8BD97C25DDC07C16EF4E56E /* [CP] Check Pods Manifest.lock */ = {
			isa = PBXShellScriptBuildPhase;
			buildActionMask = 2147483647;
			files = (
			);
			inputPaths = (
				"${PODS_PODFILE_DIR_PATH}/Podfile.lock",
				"${PODS_ROOT}/Manifest.lock",
			);
			name = "[CP] Check Pods Manifest.lock";
			outputPaths = (
				"$(DERIVED_FILE_DIR)/Pods-SpotyFi-checkManifestLockResult.txt",
			);
			runOnlyForDeploymentPostprocessing = 0;
			shellPath = /bin/sh;
			shellScript = "diff \"${PODS_PODFILE_DIR_PATH}/Podfile.lock\" \"${PODS_ROOT}/Manifest.lock\" > /dev/null\nif [ $? != 0 ] ; then\n    # print error to STDERR\n    echo \"error: The sandbox is not in sync with the Podfile.lock. Run 'pod install' or update your CocoaPods installation.\" >&2\n    exit 1\nfi\n# This output is used by Xcode 'outputs' to avoid re-running this script phase.\necho \"SUCCESS\" > \"${SCRIPT_OUTPUT_FILE_0}\"\n";
			showEnvVarsInLog = 0;
		};
/* End PBXShellScriptBuildPhase section */

/* Begin PBXSourcesBuildPhase section */
		7E58ED4922342624005BE379 /* Sources */ = {
			isa = PBXSourcesBuildPhase;
			buildActionMask = 2147483647;
			files = (
				7E5DCFA122496C720020895E /* PathManager.swift in Sources */,
				7EFE11EE22551C71006EAAA2 /* Picture.swift in Sources */,
				7E58ED5322342624005BE379 /* ViewController.swift in Sources */,
				7E908A1E22560D7F002528DA /* TopSongRequest.swift in Sources */,
				7EFE11EA2254C693006EAAA2 /* QueryRequest.swift in Sources */,
				7E88043F224667E900EA5630 /* Music.swift in Sources */,
				7E6F2CF12247C3CA00E58E72 /* PlayerProvider.swift in Sources */,
				7EFE11E8225360EB006EAAA2 /* Request.swift in Sources */,
				7EFE11F422552E47006EAAA2 /* Query.swift in Sources */,
				7E23CB432255ED0100F83935 /* UICircleImageView.swift in Sources */,
				7E908A28225661D3002528DA /* CategoryRequest.swift in Sources */,
				7E58ED6C223434EF005BE379 /* RESOURCE.swift in Sources */,
				7E58ED6E223435B5005BE379 /* Socketer.swift in Sources */,
				7E908A2E22575D31002528DA /* PlaylistTracksRequest.swift in Sources */,
				7E8EEB6C224A793500C7B2CF /* MultipleMusicPlayer.swift in Sources */,
				7EBCA3DD224A2426005091E6 /* MetadataResolver.swift in Sources */,
				7E170211224A11E500E276BF /* UIRecentlyDownloadViewController.swift in Sources */,
				7E908A2222565BF1002528DA /* CategoryPlaylistsRequest.swift in Sources */,
				7EBCA3D6224A1D22005091E6 /* UIContainerView.swift in Sources */,
				7E88043D224665A200EA5630 /* RequestMusic.swift in Sources */,
				7E908A2A22573A00002528DA /* FeaturedPlaylistRequest.swift in Sources */,
				7EFE11EC22551B09006EAAA2 /* Artistx.swift in Sources */,
				7EBCA3D9224A1F43005091E6 /* UIEmptyStateViewController.swift in Sources */,
				7E58ED722234EF42005BE379 /* SocketerDelegate.swift in Sources */,
				7EFE11F022551D08006EAAA2 /* Album.swift in Sources */,
				7E58ED6922343069005BE379 /* UIBaseViewController.swift in Sources */,
				7E908A1C22560BDC002528DA /* AlbumRequest.swift in Sources */,
				7E5495CD223580DB00634042 /* Banner.swift in Sources */,
				7EFE11E22253605B006EAAA2 /* UIQueryResultViewController.swift in Sources */,
				7E58ED5922342624005BE379 /* SpotyFi.xcdatamodeld in Sources */,
				7E5DCF9F224946100020895E /* Downloader.swift in Sources */,
				7EFE11F222551F26006EAAA2 /* Track.swift in Sources */,
				7E908A2422565CB0002528DA /* Playlist.swift in Sources */,
				7E88043822464FED00EA5630 /* UIPlayerViewController.swift in Sources */,
				7E8EEB68224A770100C7B2CF /* IPlayerDelegate.swift in Sources */,
				7EBCA3DB224A1FAE005091E6 /* UIDownloadedMusicsTableViewContoller.swift in Sources */,
				7EFE11D5224E6F35006EAAA2 /* UIQueryTableViewCell.swift in Sources */,
				7E88043B2246632300EA5630 /* Model.swift in Sources */,
				7EFE11CC224AB5FE006EAAA2 /* UIDownloadBanner.swift in Sources */,
				7E8EEB6A224A777600C7B2CF /* SingleMusicPlayer.swift in Sources */,
				7E908A262256607E002528DA /* Category.swift in Sources */,
				7E908A2C22575638002528DA /* UIPlaylistViewController.swift in Sources */,
				7E58ED5122342624005BE379 /* AppDelegate.swift in Sources */,
				7E6F2CE42246F22300E58E72 /* UIPlayerKit.swift in Sources */,
				7EFE11DD224EA050006EAAA2 /* UIHitCollectionViewCell.swift in Sources */,
				7E908A1A2255F39D002528DA /* UIArtistDetialtViewController.swift in Sources */,
				7E6F2CEC224794DD00E58E72 /* UIPlayerControlKit.swift in Sources */,
				7EBCA3E0224A2D29005091E6 /* UIMusicTableViewCell.swift in Sources */,
				7EFE11D9224E96C3006EAAA2 /* UICollectionTableViewCell.swift in Sources */,
				7EFE11E52253609E006EAAA2 /* RequestController.swift in Sources */,
			);
			runOnlyForDeploymentPostprocessing = 0;
		};
/* End PBXSourcesBuildPhase section */

/* Begin PBXVariantGroup section */
		7E58ED5422342624005BE379 /* Main.storyboard */ = {
			isa = PBXVariantGroup;
			children = (
				7E58ED5522342624005BE379 /* Base */,
			);
			name = Main.storyboard;
			sourceTree = "<group>";
		};
		7E58ED5C22342625005BE379 /* LaunchScreen.storyboard */ = {
			isa = PBXVariantGroup;
			children = (
				7E58ED5D22342625005BE379 /* Base */,
			);
			name = LaunchScreen.storyboard;
			sourceTree = "<group>";
		};
/* End PBXVariantGroup section */

/* Begin XCBuildConfiguration section */
		7E58ED6022342625005BE379 /* Debug */ = {
			isa = XCBuildConfiguration;
			buildSettings = {
				ALWAYS_SEARCH_USER_PATHS = NO;
				CLANG_ANALYZER_NONNULL = YES;
				CLANG_ANALYZER_NUMBER_OBJECT_CONVERSION = YES_AGGRESSIVE;
				CLANG_CXX_LANGUAGE_STANDARD = "gnu++14";
				CLANG_CXX_LIBRARY = "libc++";
				CLANG_ENABLE_MODULES = YES;
				CLANG_ENABLE_OBJC_ARC = YES;
				CLANG_ENABLE_OBJC_WEAK = YES;
				CLANG_WARN_BLOCK_CAPTURE_AUTORELEASING = YES;
				CLANG_WARN_BOOL_CONVERSION = YES;
				CLANG_WARN_COMMA = YES;
				CLANG_WARN_CONSTANT_CONVERSION = YES;
				CLANG_WARN_DEPRECATED_OBJC_IMPLEMENTATIONS = YES;
				CLANG_WARN_DIRECT_OBJC_ISA_USAGE = YES_ERROR;
				CLANG_WARN_DOCUMENTATION_COMMENTS = YES;
				CLANG_WARN_EMPTY_BODY = YES;
				CLANG_WARN_ENUM_CONVERSION = YES;
				CLANG_WARN_INFINITE_RECURSION = YES;
				CLANG_WARN_INT_CONVERSION = YES;
				CLANG_WARN_NON_LITERAL_NULL_CONVERSION = YES;
				CLANG_WARN_OBJC_IMPLICIT_RETAIN_SELF = YES;
				CLANG_WARN_OBJC_LITERAL_CONVERSION = YES;
				CLANG_WARN_OBJC_ROOT_CLASS = YES_ERROR;
				CLANG_WARN_RANGE_LOOP_ANALYSIS = YES;
				CLANG_WARN_STRICT_PROTOTYPES = YES;
				CLANG_WARN_SUSPICIOUS_MOVE = YES;
				CLANG_WARN_UNGUARDED_AVAILABILITY = YES_AGGRESSIVE;
				CLANG_WARN_UNREACHABLE_CODE = YES;
				CLANG_WARN__DUPLICATE_METHOD_MATCH = YES;
				CODE_SIGN_IDENTITY = "iPhone Developer";
				COPY_PHASE_STRIP = NO;
				DEBUG_INFORMATION_FORMAT = dwarf;
				ENABLE_STRICT_OBJC_MSGSEND = YES;
				ENABLE_TESTABILITY = YES;
				GCC_C_LANGUAGE_STANDARD = gnu11;
				GCC_DYNAMIC_NO_PIC = NO;
				GCC_NO_COMMON_BLOCKS = YES;
				GCC_OPTIMIZATION_LEVEL = 0;
				GCC_PREPROCESSOR_DEFINITIONS = (
					"DEBUG=1",
					"$(inherited)",
				);
				GCC_WARN_64_TO_32_BIT_CONVERSION = YES;
				GCC_WARN_ABOUT_RETURN_TYPE = YES_ERROR;
				GCC_WARN_UNDECLARED_SELECTOR = YES;
				GCC_WARN_UNINITIALIZED_AUTOS = YES_AGGRESSIVE;
				GCC_WARN_UNUSED_FUNCTION = YES;
				GCC_WARN_UNUSED_VARIABLE = YES;
				IPHONEOS_DEPLOYMENT_TARGET = 12.0;
				MTL_ENABLE_DEBUG_INFO = INCLUDE_SOURCE;
				MTL_FAST_MATH = YES;
				ONLY_ACTIVE_ARCH = YES;
				SDKROOT = iphoneos;
				SWIFT_ACTIVE_COMPILATION_CONDITIONS = DEBUG;
				SWIFT_OPTIMIZATION_LEVEL = "-Onone";
			};
			name = Debug;
		};
		7E58ED6122342625005BE379 /* Release */ = {
			isa = XCBuildConfiguration;
			buildSettings = {
				ALWAYS_SEARCH_USER_PATHS = NO;
				CLANG_ANALYZER_NONNULL = YES;
				CLANG_ANALYZER_NUMBER_OBJECT_CONVERSION = YES_AGGRESSIVE;
				CLANG_CXX_LANGUAGE_STANDARD = "gnu++14";
				CLANG_CXX_LIBRARY = "libc++";
				CLANG_ENABLE_MODULES = YES;
				CLANG_ENABLE_OBJC_ARC = YES;
				CLANG_ENABLE_OBJC_WEAK = YES;
				CLANG_WARN_BLOCK_CAPTURE_AUTORELEASING = YES;
				CLANG_WARN_BOOL_CONVERSION = YES;
				CLANG_WARN_COMMA = YES;
				CLANG_WARN_CONSTANT_CONVERSION = YES;
				CLANG_WARN_DEPRECATED_OBJC_IMPLEMENTATIONS = YES;
				CLANG_WARN_DIRECT_OBJC_ISA_USAGE = YES_ERROR;
				CLANG_WARN_DOCUMENTATION_COMMENTS = YES;
				CLANG_WARN_EMPTY_BODY = YES;
				CLANG_WARN_ENUM_CONVERSION = YES;
				CLANG_WARN_INFINITE_RECURSION = YES;
				CLANG_WARN_INT_CONVERSION = YES;
				CLANG_WARN_NON_LITERAL_NULL_CONVERSION = YES;
				CLANG_WARN_OBJC_IMPLICIT_RETAIN_SELF = YES;
				CLANG_WARN_OBJC_LITERAL_CONVERSION = YES;
				CLANG_WARN_OBJC_ROOT_CLASS = YES_ERROR;
				CLANG_WARN_RANGE_LOOP_ANALYSIS = YES;
				CLANG_WARN_STRICT_PROTOTYPES = YES;
				CLANG_WARN_SUSPICIOUS_MOVE = YES;
				CLANG_WARN_UNGUARDED_AVAILABILITY = YES_AGGRESSIVE;
				CLANG_WARN_UNREACHABLE_CODE = YES;
				CLANG_WARN__DUPLICATE_METHOD_MATCH = YES;
				CODE_SIGN_IDENTITY = "iPhone Developer";
				COPY_PHASE_STRIP = NO;
				DEBUG_INFORMATION_FORMAT = "dwarf-with-dsym";
				ENABLE_NS_ASSERTIONS = NO;
				ENABLE_STRICT_OBJC_MSGSEND = YES;
				GCC_C_LANGUAGE_STANDARD = gnu11;
				GCC_NO_COMMON_BLOCKS = YES;
				GCC_WARN_64_TO_32_BIT_CONVERSION = YES;
				GCC_WARN_ABOUT_RETURN_TYPE = YES_ERROR;
				GCC_WARN_UNDECLARED_SELECTOR = YES;
				GCC_WARN_UNINITIALIZED_AUTOS = YES_AGGRESSIVE;
				GCC_WARN_UNUSED_FUNCTION = YES;
				GCC_WARN_UNUSED_VARIABLE = YES;
				IPHONEOS_DEPLOYMENT_TARGET = 12.0;
				MTL_ENABLE_DEBUG_INFO = NO;
				MTL_FAST_MATH = YES;
				SDKROOT = iphoneos;
				SWIFT_COMPILATION_MODE = wholemodule;
				SWIFT_OPTIMIZATION_LEVEL = "-O";
				VALIDATE_PRODUCT = YES;
			};
			name = Release;
		};
		7E58ED6322342625005BE379 /* Debug */ = {
			isa = XCBuildConfiguration;
			baseConfigurationReference = 9709F21D96340FB09DFDB780 /* Pods-SpotyFi.debug.xcconfig */;
			buildSettings = {
				ASSETCATALOG_COMPILER_APPICON_NAME = AppIcon;
				CODE_SIGN_STYLE = Automatic;
				DEVELOPMENT_TEAM = V36A5N26AB;
				INFOPLIST_FILE = SpotyFi/Info.plist;
				IPHONEOS_DEPLOYMENT_TARGET = 10.0;
				LD_RUNPATH_SEARCH_PATHS = "$(inherited) @executable_path/Frameworks";
				PRODUCT_BUNDLE_IDENTIFIER = com.imanx.github.spofyFi.SpotyFi;
				PRODUCT_NAME = "$(TARGET_NAME)";
				SWIFT_VERSION = 4.2;
				TARGETED_DEVICE_FAMILY = "1,2";
			};
			name = Debug;
		};
		7E58ED6422342625005BE379 /* Release */ = {
			isa = XCBuildConfiguration;
			baseConfigurationReference = BCABD8A0131963E93E668110 /* Pods-SpotyFi.release.xcconfig */;
			buildSettings = {
				ASSETCATALOG_COMPILER_APPICON_NAME = AppIcon;
				CODE_SIGN_STYLE = Automatic;
				DEVELOPMENT_TEAM = V36A5N26AB;
				INFOPLIST_FILE = SpotyFi/Info.plist;
				IPHONEOS_DEPLOYMENT_TARGET = 10.0;
				LD_RUNPATH_SEARCH_PATHS = "$(inherited) @executable_path/Frameworks";
				PRODUCT_BUNDLE_IDENTIFIER = com.imanx.github.spofyFi.SpotyFi;
				PRODUCT_NAME = "$(TARGET_NAME)";
				SWIFT_VERSION = 4.2;
				TARGETED_DEVICE_FAMILY = "1,2";
			};
			name = Release;
		};
/* End XCBuildConfiguration section */

/* Begin XCConfigurationList section */
		7E58ED4822342624005BE379 /* Build configuration list for PBXProject "SpotyFi" */ = {
			isa = XCConfigurationList;
			buildConfigurations = (
				7E58ED6022342625005BE379 /* Debug */,
				7E58ED6122342625005BE379 /* Release */,
			);
			defaultConfigurationIsVisible = 0;
			defaultConfigurationName = Release;
		};
		7E58ED6222342625005BE379 /* Build configuration list for PBXNativeTarget "SpotyFi" */ = {
			isa = XCConfigurationList;
			buildConfigurations = (
				7E58ED6322342625005BE379 /* Debug */,
				7E58ED6422342625005BE379 /* Release */,
			);
			defaultConfigurationIsVisible = 0;
			defaultConfigurationName = Release;
		};
/* End XCConfigurationList section */

/* Begin XCVersionGroup section */
		7E58ED5722342624005BE379 /* SpotyFi.xcdatamodeld */ = {
			isa = XCVersionGroup;
			children = (
				7E58ED5822342624005BE379 /* SpotyFi.xcdatamodel */,
			);
			currentVersion = 7E58ED5822342624005BE379 /* SpotyFi.xcdatamodel */;
			path = SpotyFi.xcdatamodeld;
			sourceTree = "<group>";
			versionGroupType = wrapper.xcdatamodel;
		};
/* End XCVersionGroup section */
	};
	rootObject = 7E58ED4522342624005BE379 /* Project object */;
}
